
Microsoft Visual Studio Solution File, Format Version 12.00
# Visual Studio Version 17
VisualStudioVersion = 17.5.33530.505
MinimumVisualStudioVersion = 10.0.40219.1
Project("{FAE04EC0-301F-11D3-BF4B-00C04F79EFBC}") = "quiz_api_dotnet7", "quiz_api_dotnet7\quiz_api_dotnet7.csproj", "{1196B474-BA4B-4E8F-B956-46C3EE263367}"
EndProject
Global
	GlobalSection(SolutionConfigurationPlatforms) = preSolution
		Debug|Any CPU = Debug|Any CPU
		Release|Any CPU = Release|Any CPU
	EndGlobalSection
	GlobalSection(ProjectConfigurationPlatforms) = postSolution
		{1196B474-BA4B-4E8F-B956-46C3EE263367}.Debug|Any CPU.ActiveCfg = Debug|Any CPU
		{1196B474-BA4B-4E8F-B956-46C3EE263367}.Debug|Any CPU.Build.0 = Debug|Any CPU
		{1196B474-BA4B-4E8F-B956-46C3EE263367}.Release|Any CPU.ActiveCfg = Release|Any CPU
		{1196B474-BA4B-4E8F-B956-46C3EE263367}.Release|Any CPU.Build.0 = Release|Any CPU
	EndGlobalSection
	GlobalSection(SolutionProperties) = preSolution
		HideSolutionNode = FALSE
	EndGlobalSection
	GlobalSection(ExtensibilityGlobals) = postSolution
		SolutionGuid = {3CC3CB61-3767-4391-9F34-C29F09ECF30D}
	EndGlobalSection
EndGlobal
